{
  "name": "inspector-goadget",
  "version": "1.0.7",
  "description": "A Cypress library for automating UI tests on Alberta Design System components.",
  "main": "dist/components/goa-input.js",
  "types": "index.d.ts",
  "scripts": {
    "build": "tsc",
    "test": "cypress run"
  },
  "repository": {
    "type": "git",
    "url": "git+https://github.com/yaroslav-rybiak/inspector-goadget.git"
  },
  "author": "Yaroslav Rybiak",
  "license": "Apache License Version 2.0",
  "devDependencies": {
    "@types/cypress": "^1.1.6",
    "cypress": "^13.16.1",
    "typescript": "^4.0.0"
  }
}
